
Microsoft Visual Studio Solution File, Format Version 12.00
# Visual Studio Version 16
VisualStudioVersion = 16.0.31025.194
MinimumVisualStudioVersion = 10.0.40219.1
Project("{FAE04EC0-301F-11D3-BF4B-00C04F79EFBC}") = "Tema6", "Tema6\Tema6.csproj", "{2F908650-7A1D-44A9-A4DF-B96A5938286E}"
EndProject
Global
	GlobalSection(SolutionConfigurationPlatforms) = preSolution
		Debug|Any CPU = Debug|Any CPU
		Release|Any CPU = Release|Any CPU
	EndGlobalSection
	GlobalSection(ProjectConfigurationPlatforms) = postSolution
		{2F908650-7A1D-44A9-A4DF-B96A5938286E}.Debug|Any CPU.ActiveCfg = Debug|Any CPU
		{2F908650-7A1D-44A9-A4DF-B96A5938286E}.Debug|Any CPU.Build.0 = Debug|Any CPU
		{2F908650-7A1D-44A9-A4DF-B96A5938286E}.Release|Any CPU.ActiveCfg = Release|Any CPU
		{2F908650-7A1D-44A9-A4DF-B96A5938286E}.Release|Any CPU.Build.0 = Release|Any CPU
	EndGlobalSection
	GlobalSection(SolutionProperties) = preSolution
		HideSolutionNode = FALSE
	EndGlobalSection
	GlobalSection(ExtensibilityGlobals) = postSolution
		SolutionGuid = {4685404A-3083-45B9-9FC9-941DFDEB4AE3}
	EndGlobalSection
EndGlobal
